
Microsoft Visual Studio Solution File, Format Version 12.00
# Visual Studio 2013
VisualStudioVersion = 12.0.30723.0
MinimumVisualStudioVersion = 10.0.40219.1
Project("{FAE04EC0-301F-11D3-BF4B-00C04F79EFBC}") = "ConsoleApplication2", "ConsoleApplication2\ConsoleApplication2.csproj", "{6E0B9D08-A061-40CF-B6EF-8455CDD95CD2}"
EndProject
Project("{FAE04EC0-301F-11D3-BF4B-00C04F79EFBC}") = "AmINumber", "AmINumber\AmINumber.csproj", "{A69051C5-D631-4876-9962-EFFAAA56A5AB}"
EndProject
Project("{FAE04EC0-301F-11D3-BF4B-00C04F79EFBC}") = "ArrayAuslesen", "ArrayAuslesen\ArrayAuslesen\ArrayAuslesen.csproj", "{7CC44012-6CE7-4947-A083-AB895F1F989C}"
EndProject
Project("{FAE04EC0-301F-11D3-BF4B-00C04F79EFBC}") = "PINGesperrt", "PINGesperrt\PINGesperrt\PINGesperrt.csproj", "{CC46EC20-53E7-4A4F-A9FC-869709A2B92E}"
EndProject
Project("{FAE04EC0-301F-11D3-BF4B-00C04F79EFBC}") = "ConsoleWindowSize", "ConsoleWindowSize\ConsoleWindowSize.csproj", "{BBA91E2A-824B-4A99-B71B-4DEA0EFE1B37}"
EndProject
Project("{FAE04EC0-301F-11D3-BF4B-00C04F79EFBC}") = "ObjekteGeldautomat", "ObjekteGeldautomat\ObjekteGeldautomat.csproj", "{F2BB73E9-EB98-4B82-8A7B-9690A5263D44}"
EndProject
Project("{FAE04EC0-301F-11D3-BF4B-00C04F79EFBC}") = "AutoundReifen", "AutoundReifen\AutoundReifen.csproj", "{640807B1-BE7C-4ED4-B59B-030680DAF063}"
EndProject
Project("{FAE04EC0-301F-11D3-BF4B-00C04F79EFBC}") = "Konstruktor", "Konstruktor\Konstruktor.csproj", "{42E87BEC-03D5-4FEE-9488-0D8BA72ECC5A}"
EndProject
Project("{FAE04EC0-301F-11D3-BF4B-00C04F79EFBC}") = "Methode", "Methode\Methode.csproj", "{CEA845CF-108A-4937-ACAC-ABF9487A102F}"
EndProject
Project("{FAE04EC0-301F-11D3-BF4B-00C04F79EFBC}") = "GeldKonstrukor", "GeldKonstrukor\GeldKonstrukor.csproj", "{B2AB9829-2F49-4D3F-BE9D-A5C15F105091}"
EndProject
Project("{FAE04EC0-301F-11D3-BF4B-00C04F79EFBC}") = "NachUML", "NachUML\NachUML.csproj", "{EC76683F-452B-4BB0-A334-A02BE3E724B0}"
EndProject
Global
	GlobalSection(SolutionConfigurationPlatforms) = preSolution
		Debug|Any CPU = Debug|Any CPU
		Release|Any CPU = Release|Any CPU
	EndGlobalSection
	GlobalSection(ProjectConfigurationPlatforms) = postSolution
		{6E0B9D08-A061-40CF-B6EF-8455CDD95CD2}.Debug|Any CPU.ActiveCfg = Debug|Any CPU
		{6E0B9D08-A061-40CF-B6EF-8455CDD95CD2}.Debug|Any CPU.Build.0 = Debug|Any CPU
		{6E0B9D08-A061-40CF-B6EF-8455CDD95CD2}.Release|Any CPU.ActiveCfg = Release|Any CPU
		{6E0B9D08-A061-40CF-B6EF-8455CDD95CD2}.Release|Any CPU.Build.0 = Release|Any CPU
		{A69051C5-D631-4876-9962-EFFAAA56A5AB}.Debug|Any CPU.ActiveCfg = Debug|Any CPU
		{A69051C5-D631-4876-9962-EFFAAA56A5AB}.Debug|Any CPU.Build.0 = Debug|Any CPU
		{A69051C5-D631-4876-9962-EFFAAA56A5AB}.Release|Any CPU.ActiveCfg = Release|Any CPU
		{A69051C5-D631-4876-9962-EFFAAA56A5AB}.Release|Any CPU.Build.0 = Release|Any CPU
		{7CC44012-6CE7-4947-A083-AB895F1F989C}.Debug|Any CPU.ActiveCfg = Debug|Any CPU
		{7CC44012-6CE7-4947-A083-AB895F1F989C}.Debug|Any CPU.Build.0 = Debug|Any CPU
		{7CC44012-6CE7-4947-A083-AB895F1F989C}.Release|Any CPU.ActiveCfg = Release|Any CPU
		{7CC44012-6CE7-4947-A083-AB895F1F989C}.Release|Any CPU.Build.0 = Release|Any CPU
		{CC46EC20-53E7-4A4F-A9FC-869709A2B92E}.Debug|Any CPU.ActiveCfg = Debug|Any CPU
		{CC46EC20-53E7-4A4F-A9FC-869709A2B92E}.Debug|Any CPU.Build.0 = Debug|Any CPU
		{CC46EC20-53E7-4A4F-A9FC-869709A2B92E}.Release|Any CPU.ActiveCfg = Release|Any CPU
		{CC46EC20-53E7-4A4F-A9FC-869709A2B92E}.Release|Any CPU.Build.0 = Release|Any CPU
		{BBA91E2A-824B-4A99-B71B-4DEA0EFE1B37}.Debug|Any CPU.ActiveCfg = Debug|Any CPU
		{BBA91E2A-824B-4A99-B71B-4DEA0EFE1B37}.Debug|Any CPU.Build.0 = Debug|Any CPU
		{BBA91E2A-824B-4A99-B71B-4DEA0EFE1B37}.Release|Any CPU.ActiveCfg = Release|Any CPU
		{BBA91E2A-824B-4A99-B71B-4DEA0EFE1B37}.Release|Any CPU.Build.0 = Release|Any CPU
		{F2BB73E9-EB98-4B82-8A7B-9690A5263D44}.Debug|Any CPU.ActiveCfg = Debug|Any CPU
		{F2BB73E9-EB98-4B82-8A7B-9690A5263D44}.Debug|Any CPU.Build.0 = Debug|Any CPU
		{F2BB73E9-EB98-4B82-8A7B-9690A5263D44}.Release|Any CPU.ActiveCfg = Release|Any CPU
		{F2BB73E9-EB98-4B82-8A7B-9690A5263D44}.Release|Any CPU.Build.0 = Release|Any CPU
		{640807B1-BE7C-4ED4-B59B-030680DAF063}.Debug|Any CPU.ActiveCfg = Debug|Any CPU
		{640807B1-BE7C-4ED4-B59B-030680DAF063}.Debug|Any CPU.Build.0 = Debug|Any CPU
		{640807B1-BE7C-4ED4-B59B-030680DAF063}.Release|Any CPU.ActiveCfg = Release|Any CPU
		{640807B1-BE7C-4ED4-B59B-030680DAF063}.Release|Any CPU.Build.0 = Release|Any CPU
		{42E87BEC-03D5-4FEE-9488-0D8BA72ECC5A}.Debug|Any CPU.ActiveCfg = Debug|Any CPU
		{42E87BEC-03D5-4FEE-9488-0D8BA72ECC5A}.Debug|Any CPU.Build.0 = Debug|Any CPU
		{42E87BEC-03D5-4FEE-9488-0D8BA72ECC5A}.Release|Any CPU.ActiveCfg = Release|Any CPU
		{42E87BEC-03D5-4FEE-9488-0D8BA72ECC5A}.Release|Any CPU.Build.0 = Release|Any CPU
		{CEA845CF-108A-4937-ACAC-ABF9487A102F}.Debug|Any CPU.ActiveCfg = Debug|Any CPU
		{CEA845CF-108A-4937-ACAC-ABF9487A102F}.Debug|Any CPU.Build.0 = Debug|Any CPU
		{CEA845CF-108A-4937-ACAC-ABF9487A102F}.Release|Any CPU.ActiveCfg = Release|Any CPU
		{CEA845CF-108A-4937-ACAC-ABF9487A102F}.Release|Any CPU.Build.0 = Release|Any CPU
		{B2AB9829-2F49-4D3F-BE9D-A5C15F105091}.Debug|Any CPU.ActiveCfg = Debug|Any CPU
		{B2AB9829-2F49-4D3F-BE9D-A5C15F105091}.Debug|Any CPU.Build.0 = Debug|Any CPU
		{B2AB9829-2F49-4D3F-BE9D-A5C15F105091}.Release|Any CPU.ActiveCfg = Release|Any CPU
		{B2AB9829-2F49-4D3F-BE9D-A5C15F105091}.Release|Any CPU.Build.0 = Release|Any CPU
		{EC76683F-452B-4BB0-A334-A02BE3E724B0}.Debug|Any CPU.ActiveCfg = Debug|Any CPU
		{EC76683F-452B-4BB0-A334-A02BE3E724B0}.Debug|Any CPU.Build.0 = Debug|Any CPU
		{EC76683F-452B-4BB0-A334-A02BE3E724B0}.Release|Any CPU.ActiveCfg = Release|Any CPU
		{EC76683F-452B-4BB0-A334-A02BE3E724B0}.Release|Any CPU.Build.0 = Release|Any CPU
	EndGlobalSection
	GlobalSection(SolutionProperties) = preSolution
		HideSolutionNode = FALSE
	EndGlobalSection
EndGlobal
